
Microsoft Visual Studio Solution File, Format Version 12.00
# Visual Studio Version 17
VisualStudioVersion = 17.10.34928.147
MinimumVisualStudioVersion = 10.0.40219.1
Project("{FAE04EC0-301F-11D3-BF4B-00C04F79EFBC}") = "TakeHomeTask", "TakeHomeTask\TakeHomeTask.csproj", "{17F110AE-E392-4DC0-9F76-BA566AF1A9BA}"
EndProject
Global
	GlobalSection(SolutionConfigurationPlatforms) = preSolution
		Debug|Any CPU = Debug|Any CPU
		Release|Any CPU = Release|Any CPU
	EndGlobalSection
	GlobalSection(ProjectConfigurationPlatforms) = postSolution
		{17F110AE-E392-4DC0-9F76-BA566AF1A9BA}.Debug|Any CPU.ActiveCfg = Debug|Any CPU
		{17F110AE-E392-4DC0-9F76-BA566AF1A9BA}.Debug|Any CPU.Build.0 = Debug|Any CPU
		{17F110AE-E392-4DC0-9F76-BA566AF1A9BA}.Release|Any CPU.ActiveCfg = Release|Any CPU
		{17F110AE-E392-4DC0-9F76-BA566AF1A9BA}.Release|Any CPU.Build.0 = Release|Any CPU
	EndGlobalSection
	GlobalSection(SolutionProperties) = preSolution
		HideSolutionNode = FALSE
	EndGlobalSection
	GlobalSection(ExtensibilityGlobals) = postSolution
		SolutionGuid = {656210F3-10A1-455F-A4D1-BDD51670E3B2}
	EndGlobalSection
EndGlobal
